<?xml version="1.0" encoding="utf-8"?>
<Project ToolsVersion="4.0" xmlns="http://schemas.microsoft.com/developer/msbuild/2003">
  <ItemGroup>
    <Filter Include="Cashew">
      <UniqueIdentifier>{40C744AB-2C69-6F81-1524-83D50165F6D1}</UniqueIdentifier>
    </Filter>
    <Filter Include="Cashew\Events">
      <UniqueIdentifier>{24CB29DF-908B-A515-59C6-EE92C545EAF1}</UniqueIdentifier>
    </Filter>
  </ItemGroup>
  <ItemGroup>
    <ClInclude Include="src\Cashew.h" />
    <ClInclude Include="src\Cashew\Application.h">
      <Filter>Cashew</Filter>
    </ClInclude>
    <ClInclude Include="src\Cashew\Core.h">
      <Filter>Cashew</Filter>
    </ClInclude>
    <ClInclude Include="src\Cashew\EntryPoint.h">
      <Filter>Cashew</Filter>
    </ClInclude>
    <ClInclude Include="src\Cashew\Events\ApplicationEvent.h">
      <Filter>Cashew\Events</Filter>
    </ClInclude>
    <ClInclude Include="src\Cashew\Events\Event.h">
      <Filter>Cashew\Events</Filter>
    </ClInclude>
    <ClInclude Include="src\Cashew\Events\KeyEvent.h">
      <Filter>Cashew\Events</Filter>
    </ClInclude>
    <ClInclude Include="src\Cashew\Events\MouseEvent.h">
      <Filter>Cashew\Events</Filter>
    </ClInclude>
    <ClInclude Include="src\Cashew\Log.h">
      <Filter>Cashew</Filter>
    </ClInclude>
    <ClInclude Include="src\precompileheaders.h" />
    <ClInclude Include="src\Cashew\Window.h" />
    <ClInclude Include="src\Platform\Windows\WindowsWindow.h" />
  </ItemGroup>
  <ItemGroup>
    <ClCompile Include="src\Cashew\Application.cpp">
      <Filter>Cashew</Filter>
    </ClCompile>
    <ClCompile Include="src\Cashew\Log.cpp">
      <Filter>Cashew</Filter>
    </ClCompile>
    <ClCompile Include="src\precompileheaders.cpp" />
    <ClCompile Include="src\Platform\Windows\WindowsWindow.cpp" />
  </ItemGroup>
</Project>